
Microsoft Visual Studio Solution File, Format Version 12.00
# Visual Studio Version 16
VisualStudioVersion = 16.0.30717.126
MinimumVisualStudioVersion = 10.0.40219.1
Project("{FAE04EC0-301F-11D3-BF4B-00C04F79EFBC}") = "DemoProject", "DemoProject\DemoProject.csproj", "{0D8A4C9F-84B3-4216-AB7E-B8072538204B}"
EndProject
Global
	GlobalSection(SolutionConfigurationPlatforms) = preSolution
		Debug|Any CPU = Debug|Any CPU
		Release|Any CPU = Release|Any CPU
	EndGlobalSection
	GlobalSection(ProjectConfigurationPlatforms) = postSolution
		{0D8A4C9F-84B3-4216-AB7E-B8072538204B}.Debug|Any CPU.ActiveCfg = Debug|Any CPU
		{0D8A4C9F-84B3-4216-AB7E-B8072538204B}.Debug|Any CPU.Build.0 = Debug|Any CPU
		{0D8A4C9F-84B3-4216-AB7E-B8072538204B}.Release|Any CPU.ActiveCfg = Release|Any CPU
		{0D8A4C9F-84B3-4216-AB7E-B8072538204B}.Release|Any CPU.Build.0 = Release|Any CPU
	EndGlobalSection
	GlobalSection(SolutionProperties) = preSolution
		HideSolutionNode = FALSE
	EndGlobalSection
	GlobalSection(ExtensibilityGlobals) = postSolution
		SolutionGuid = {CACD8455-BC45-409E-AF87-08EC004444DD}
	EndGlobalSection
EndGlobal
